// !$*UTF8*$!
{
	archiveVersion = 1;
	classes = {
	};
	objectVersion = 50;
	objects = {

/* Begin PBXBuildFile section */
		4CA43C2D2440EBCD00575422 /* AppDelegate.swift in Sources */ = {isa = PBXBuildFile; fileRef = 4CA43C2C2440EBCD00575422 /* AppDelegate.swift */; };
		4CA43C2F2440EBCD00575422 /* SceneDelegate.swift in Sources */ = {isa = PBXBuildFile; fileRef = 4CA43C2E2440EBCD00575422 /* SceneDelegate.swift */; };
		4CA43C312440EBCD00575422 /* ContentView.swift in Sources */ = {isa = PBXBuildFile; fileRef = 4CA43C302440EBCD00575422 /* ContentView.swift */; };
		4CA43C332440EBCE00575422 /* Assets.xcassets in Resources */ = {isa = PBXBuildFile; fileRef = 4CA43C322440EBCE00575422 /* Assets.xcassets */; };
		4CA43C362440EBCE00575422 /* Preview Assets.xcassets in Resources */ = {isa = PBXBuildFile; fileRef = 4CA43C352440EBCE00575422 /* Preview Assets.xcassets */; };
		4CA43C392440EBCE00575422 /* LaunchScreen.storyboard in Resources */ = {isa = PBXBuildFile; fileRef = 4CA43C372440EBCE00575422 /* LaunchScreen.storyboard */; };
/* End PBXBuildFile section */

/* Begin PBXFileReference section */
		4C0E89AA24413A6F0038BF26 /* README.md */ = {isa = PBXFileReference; lastKnownFileType = net.daringfireball.markdown; path = README.md; sourceTree = "<group>"; };
		4CA43C292440EBCD00575422 /* TabbedViews.app */ = {isa = PBXFileReference; explicitFileType = wrapper.application; includeInIndex = 0; path = TabbedViews.app; sourceTree = BUILT_PRODUCTS_DIR; };
		4CA43C2C2440EBCD00575422 /* AppDelegate.swift */ = {isa = PBXFileReference; lastKnownFileType = sourcecode.swift; path = AppDelegate.swift; sourceTree = "<group>"; };
		4CA43C2E2440EBCD00575422 /* SceneDelegate.swift */ = {isa = PBXFileReference; lastKnownFileType = sourcecode.swift; path = SceneDelegate.swift; sourceTree = "<group>"; };
		4CA43C302440EBCD00575422 /* ContentView.swift */ = {isa = PBXFileReference; lastKnownFileType = sourcecode.swift; path = ContentView.swift; sourceTree = "<group>"; };
		4CA43C322440EBCE00575422 /* Assets.xcassets */ = {isa = PBXFileReference; lastKnownFileType = folder.assetcatalog; path = Assets.xcassets; sourceTree = "<group>"; };
		4CA43C352440EBCE00575422 /* Preview Assets.xcassets */ = {isa = PBXFileReference; lastKnownFileType = folder.assetcatalog; path = "Preview Assets.xcassets"; sourceTree = "<group>"; };
		4CA43C382440EBCE00575422 /* Base */ = {isa = PBXFileReference; lastKnownFileType = file.storyboard; name = Base; path = Base.lproj/LaunchScreen.storyboard; sourceTree = "<group>"; };
		4CA43C3A2440EBCE00575422 /* Info.plist */ = {isa = PBXFileReference; lastKnownFileType = text.plist.xml; path = Info.plist; sourceTree = "<group>"; };
		4CA43C402440F21000575422 /* TabbedViews.entitlements */ = {isa = PBXFileReference; lastKnownFileType = text.plist.entitlements; path = TabbedViews.entitlements; sourceTree = "<group>"; };
/* End PBXFileReference section */

/* Begin PBXFrameworksBuildPhase section */
		4CA43C262440EBCD00575422 /* Frameworks */ = {
			isa = PBXFrameworksBuildPhase;
			buildActionMask = 2147483647;
			files = (
			);
			runOnlyForDeploymentPostprocessing = 0;
		};
/* End PBXFrameworksBuildPhase section */

/* Begin PBXGroup section */
		4CA43C202440EBCD00575422 = {
			isa = PBXGroup;
			children = (
				4C0E89AA24413A6F0038BF26 /* README.md */,
				4CA43C2B2440EBCD00575422 /* TabbedViews */,
				4CA43C2A2440EBCD00575422 /* Products */,
			);
			sourceTree = "<group>";
		};
		4CA43C2A2440EBCD00575422 /* Products */ = {
			isa = PBXGroup;
			children = (
				4CA43C292440EBCD00575422 /* TabbedViews.app */,
			);
			name = Products;
			sourceTree = "<group>";
		};
		4CA43C2B2440EBCD00575422 /* TabbedViews */ = {
			isa = PBXGroup;
			children = (
				4CA43C402440F21000575422 /* TabbedViews.entitlements */,
				4CA43C2C2440EBCD00575422 /* AppDelegate.swift */,
				4CA43C2E2440EBCD00575422 /* SceneDelegate.swift */,
				4CA43C302440EBCD00575422 /* ContentView.swift */,
				4CA43C322440EBCE00575422 /* Assets.xcassets */,
				4CA43C372440EBCE00575422 /* LaunchScreen.storyboard */,
				4CA43C3A2440EBCE00575422 /* Info.plist */,
				4CA43C342440EBCE00575422 /* Preview Content */,
			);
			path = TabbedViews;
			sourceTree = "<group>";
		};
		4CA43C342440EBCE00575422 /* Preview Content */ = {
			isa = PBXGroup;
			children = (
				4CA43C352440EBCE00575422 /* Preview Assets.xcassets */,
			);
			path = "Preview Content";
			sourceTree = "<group>";
		};
/* End PBXGroup section */

/* Begin PBXNativeTarget section */
		4CA43C282440EBCD00575422 /* TabbedViews */ = {
			isa = PBXNativeTarget;
			buildConfigurationList = 4CA43C3D2440EBCE00575422 /* Build configuration list for PBXNativeTarget "TabbedViews" */;
			buildPhases = (
				4CA43C252440EBCD00575422 /* Sources */,
				4CA43C262440EBCD00575422 /* Frameworks */,
				4CA43C272440EBCD00575422 /* Resources */,
			);
			buildRules = (
			);
			dependencies = (
			);
			name = TabbedViews;
			productName = TabbedViews;
			productReference = 4CA43C292440EBCD00575422 /* TabbedViews.app */;
			productType = "com.apple.product-type.application";
		};
/* End PBXNativeTarget section */

/* Begin PBXProject section */
		4CA43C212440EBCD00575422 /* Project object */ = {
			isa = PBXProject;
			attributes = {
				LastSwiftUpdateCheck = 1140;
				LastUpgradeCheck = 1140;
				ORGANIZATIONNAME = "Manuel @StuFFmc Carrasco Molina";
				TargetAttributes = {
					4CA43C282440EBCD00575422 = {
						CreatedOnToolsVersion = 11.4;
					};
				};
			};
			buildConfigurationList = 4CA43C242440EBCD00575422 /* Build configuration list for PBXProject "TabbedViews" */;
			compatibilityVersion = "Xcode 9.3";
			developmentRegion = en;
			hasScannedForEncodings = 0;
			knownRegions = (
				en,
				Base,
			);
			mainGroup = 4CA43C202440EBCD00575422;
			productRefGroup = 4CA43C2A2440EBCD00575422 /* Products */;
			projectDirPath = "";
			projectRoot = "";
			targets = (
				4CA43C282440EBCD00575422 /* TabbedViews */,
			);
		};
/* End PBXProject section */

/* Begin PBXResourcesBuildPhase section */
		4CA43C272440EBCD00575422 /* Resources */ = {
			isa = PBXResourcesBuildPhase;
			buildActionMask = 2147483647;
			files = (
				4CA43C392440EBCE00575422 /* LaunchScreen.storyboard in Resources */,
				4CA43C362440EBCE00575422 /* Preview Assets.xcassets in Resources */,
				4CA43C332440EBCE00575422 /* Assets.xcassets in Resources */,
			);
			runOnlyForDeploymentPostprocessing = 0;
		};
/* End PBXResourcesBuildPhase section */

/* Begin PBXSourcesBuildPhase section */
		4CA43C252440EBCD00575422 /* Sources */ = {
			isa = PBXSourcesBuildPhase;
			buildActionMask = 2147483647;
			files = (
				4CA43C2D2440EBCD00575422 /* AppDelegate.swift in Sources */,
				4CA43C2F2440EBCD00575422 /* SceneDelegate.swift in Sources */,
				4CA43C312440EBCD00575422 /* ContentView.swift in Sources */,
			);
			runOnlyForDeploymentPostprocessing = 0;
		};
/* End PBXSourcesBuildPhase section */

/* Begin PBXVariantGroup section */
		4CA43C372440EBCE00575422 /* LaunchScreen.storyboard */ = {
			isa = PBXVariantGroup;
			children = (
				4CA43C382440EBCE00575422 /* Base */,
			);
			name = LaunchScreen.storyboard;
			sourceTree = "<group>";
		};
/* End PBXVariantGroup section */

/* Begin XCBuildConfiguration section */
		4CA43C3B2440EBCE00575422 /* Debug */ = {
			isa = XCBuildConfiguration;
			buildSettings = {
				ALWAYS_SEARCH_USER_PATHS = NO;
				CLANG_ANALYZER_NONNULL = YES;
				CLANG_ANALYZER_NUMBER_OBJECT_CONVERSION = YES_AGGRESSIVE;
				CLANG_CXX_LANGUAGE_STANDARD = "gnu++14";
				CLANG_CXX_LIBRARY = "libc++";
				CLANG_ENABLE_MODULES = YES;
				CLANG_ENABLE_OBJC_ARC = YES;
				CLANG_ENABLE_OBJC_WEAK = YES;
				CLANG_WARN_BLOCK_CAPTURE_AUTORELEASING = YES;
				CLANG_WARN_BOOL_CONVERSION = YES;
				CLANG_WARN_COMMA = YES;
				CLANG_WARN_CONSTANT_CONVERSION = YES;
				CLANG_WARN_DEPRECATED_OBJC_IMPLEMENTATIONS = YES;
				CLANG_WARN_DIRECT_OBJC_ISA_USAGE = YES_ERROR;
				CLANG_WARN_DOCUMENTATION_COMMENTS = YES;
				CLANG_WARN_EMPTY_BODY = YES;
				CLANG_WARN_ENUM_CONVERSION = YES;
				CLANG_WARN_INFINITE_RECURSION = YES;
				CLANG_WARN_INT_CONVERSION = YES;
				CLANG_WARN_NON_LITERAL_NULL_CONVERSION = YES;
				CLANG_WARN_OBJC_IMPLICIT_RETAIN_SELF = YES;
				CLANG_WARN_OBJC_LITERAL_CONVERSION = YES;
				CLANG_WARN_OBJC_ROOT_CLASS = YES_ERROR;
				CLANG_WARN_RANGE_LOOP_ANALYSIS = YES;
				CLANG_WARN_STRICT_PROTOTYPES = YES;
				CLANG_WARN_SUSPICIOUS_MOVE = YES;
				CLANG_WARN_UNGUARDED_AVAILABILITY = YES_AGGRESSIVE;
				CLANG_WARN_UNREACHABLE_CODE = YES;
				CLANG_WARN__DUPLICATE_METHOD_MATCH = YES;
				COPY_PHASE_STRIP = NO;
				DEBUG_INFORMATION_FORMAT = dwarf;
				ENABLE_STRICT_OBJC_MSGSEND = YES;
				ENABLE_TESTABILITY = YES;
				GCC_C_LANGUAGE_STANDARD = gnu11;
				GCC_DYNAMIC_NO_PIC = NO;
				GCC_NO_COMMON_BLOCKS = YES;
				GCC_OPTIMIZATION_LEVEL = 0;
				GCC_PREPROCESSOR_DEFINITIONS = (
					"DEBUG=1",
					"$(inherited)",
				);
				GCC_WARN_64_TO_32_BIT_CONVERSION = YES;
				GCC_WARN_ABOUT_RETURN_TYPE = YES_ERROR;
				GCC_WARN_UNDECLARED_SELECTOR = YES;
				GCC_WARN_UNINITIALIZED_AUTOS = YES_AGGRESSIVE;
				GCC_WARN_UNUSED_FUNCTION = YES;
				GCC_WARN_UNUSED_VARIABLE = YES;
				IPHONEOS_DEPLOYMENT_TARGET = 13.4;
				MTL_ENABLE_DEBUG_INFO = INCLUDE_SOURCE;
				MTL_FAST_MATH = YES;
				ONLY_ACTIVE_ARCH = YES;
				SDKROOT = iphoneos;
				SWIFT_ACTIVE_COMPILATION_CONDITIONS = DEBUG;
				SWIFT_OPTIMIZATION_LEVEL = "-Onone";
			};
			name = Debug;
		};
		4CA43C3C2440EBCE00575422 /* Release */ = {
			isa = XCBuildConfiguration;
			buildSettings = {
				ALWAYS_SEARCH_USER_PATHS = NO;
				CLANG_ANALYZER_NONNULL = YES;
				CLANG_ANALYZER_NUMBER_OBJECT_CONVERSION = YES_AGGRESSIVE;
				CLANG_CXX_LANGUAGE_STANDARD = "gnu++14";
				CLANG_CXX_LIBRARY = "libc++";
				CLANG_ENABLE_MODULES = YES;
				CLANG_ENABLE_OBJC_ARC = YES;
				CLANG_ENABLE_OBJC_WEAK = YES;
				CLANG_WARN_BLOCK_CAPTURE_AUTORELEASING = YES;
				CLANG_WARN_BOOL_CONVERSION = YES;
				CLANG_WARN_COMMA = YES;
				CLANG_WARN_CONSTANT_CONVERSION = YES;
				CLANG_WARN_DEPRECATED_OBJC_IMPLEMENTATIONS = YES;
				CLANG_WARN_DIRECT_OBJC_ISA_USAGE = YES_ERROR;
				CLANG_WARN_DOCUMENTATION_COMMENTS = YES;
				CLANG_WARN_EMPTY_BODY = YES;
				CLANG_WARN_ENUM_CONVERSION = YES;
				CLANG_WARN_INFINITE_RECURSION = YES;
				CLANG_WARN_INT_CONVERSION = YES;
				CLANG_WARN_NON_LITERAL_NULL_CONVERSION = YES;
				CLANG_WARN_OBJC_IMPLICIT_RETAIN_SELF = YES;
				CLANG_WARN_OBJC_LITERAL_CONVERSION = YES;
				CLANG_WARN_OBJC_ROOT_CLASS = YES_ERROR;
				CLANG_WARN_RANGE_LOOP_ANALYSIS = YES;
				CLANG_WARN_STRICT_PROTOTYPES = YES;
				CLANG_WARN_SUSPICIOUS_MOVE = YES;
				CLANG_WARN_UNGUARDED_AVAILABILITY = YES_AGGRESSIVE;
				CLANG_WARN_UNREACHABLE_CODE = YES;
				CLANG_WARN__DUPLICATE_METHOD_MATCH = YES;
				COPY_PHASE_STRIP = NO;
				DEBUG_INFORMATION_FORMAT = "dwarf-with-dsym";
				ENABLE_NS_ASSERTIONS = NO;
				ENABLE_STRICT_OBJC_MSGSEND = YES;
				GCC_C_LANGUAGE_STANDARD = gnu11;
				GCC_NO_COMMON_BLOCKS = YES;
				GCC_WARN_64_TO_32_BIT_CONVERSION = YES;
				GCC_WARN_ABOUT_RETURN_TYPE = YES_ERROR;
				GCC_WARN_UNDECLARED_SELECTOR = YES;
				GCC_WARN_UNINITIALIZED_AUTOS = YES_AGGRESSIVE;
				GCC_WARN_UNUSED_FUNCTION = YES;
				GCC_WARN_UNUSED_VARIABLE = YES;
				IPHONEOS_DEPLOYMENT_TARGET = 13.4;
				MTL_ENABLE_DEBUG_INFO = NO;
				MTL_FAST_MATH = YES;
				SDKROOT = iphoneos;
				SWIFT_COMPILATION_MODE = wholemodule;
				SWIFT_OPTIMIZATION_LEVEL = "-O";
				VALIDATE_PRODUCT = YES;
			};
			name = Release;
		};
		4CA43C3E2440EBCE00575422 /* Debug */ = {
			isa = XCBuildConfiguration;
			buildSettings = {
				ASSETCATALOG_COMPILER_APPICON_NAME = AppIcon;
				CODE_SIGN_ENTITLEMENTS = TabbedViews/TabbedViews.entitlements;
				CODE_SIGN_STYLE = Automatic;
				DEVELOPMENT_ASSET_PATHS = "\"TabbedViews/Preview Content\"";
				DEVELOPMENT_TEAM = D5PCJAP39R;
				ENABLE_PREVIEWS = YES;
				INFOPLIST_FILE = TabbedViews/Info.plist;
				LD_RUNPATH_SEARCH_PATHS = (
					"$(inherited)",
					"@executable_path/Frameworks",
				);
				PRODUCT_BUNDLE_IDENTIFIER = de.tapwork.TabbedViews;
				PRODUCT_NAME = "$(TARGET_NAME)";
				SUPPORTS_MACCATALYST = YES;
				SWIFT_VERSION = 5.0;
				TARGETED_DEVICE_FAMILY = "1,2";
			};
			name = Debug;
		};
		4CA43C3F2440EBCE00575422 /* Release */ = {
			isa = XCBuildConfiguration;
			buildSettings = {
				ASSETCATALOG_COMPILER_APPICON_NAME = AppIcon;
				CODE_SIGN_ENTITLEMENTS = TabbedViews/TabbedViews.entitlements;
				CODE_SIGN_STYLE = Automatic;
				DEVELOPMENT_ASSET_PATHS = "\"TabbedViews/Preview Content\"";
				DEVELOPMENT_TEAM = D5PCJAP39R;
				ENABLE_PREVIEWS = YES;
				INFOPLIST_FILE = TabbedViews/Info.plist;
				LD_RUNPATH_SEARCH_PATHS = (
					"$(inherited)",
					"@executable_path/Frameworks",
				);
				PRODUCT_BUNDLE_IDENTIFIER = de.tapwork.TabbedViews;
				PRODUCT_NAME = "$(TARGET_NAME)";
				SUPPORTS_MACCATALYST = YES;
				SWIFT_VERSION = 5.0;
				TARGETED_DEVICE_FAMILY = "1,2";
			};
			name = Release;
		};
/* End XCBuildConfiguration section */

/* Begin XCConfigurationList section */
		4CA43C242440EBCD00575422 /* Build configuration list for PBXProject "TabbedViews" */ = {
			isa = XCConfigurationList;
			buildConfigurations = (
				4CA43C3B2440EBCE00575422 /* Debug */,
				4CA43C3C2440EBCE00575422 /* Release */,
			);
			defaultConfigurationIsVisible = 0;
			defaultConfigurationName = Release;
		};
		4CA43C3D2440EBCE00575422 /* Build configuration list for PBXNativeTarget "TabbedViews" */ = {
			isa = XCConfigurationList;
			buildConfigurations = (
				4CA43C3E2440EBCE00575422 /* Debug */,
				4CA43C3F2440EBCE00575422 /* Release */,
			);
			defaultConfigurationIsVisible = 0;
			defaultConfigurationName = Release;
		};
/* End XCConfigurationList section */
	};
	rootObject = 4CA43C212440EBCD00575422 /* Project object */;
}
